GEM
  remote: https://rubygems.org/
  specs:
    actioncable (7.1.5.2)
      actionpack (= 7.1.5.2)
      activesupport (= 7.1.5.2)
      nio4r (~> 2.0)
      websocket-driver (>= 0.6.1)
      zeitwerk (~> 2.6)
    actionmailbox (7.1.5.2)
      actionpack (= 7.1.5.2)
      activejob (= 7.1.5.2)
      activerecord (= 7.1.5.2)
      activestorage (= 7.1.5.2)
      activesupport (= 7.1.5.2)
      mail (>= 2.7.1)
      net-imap
      net-pop
      net-smtp
    actionmailer (7.1.5.2)
      actionpack (= 7.1.5.2)
      actionview (= 7.1.5.2)
      activejob (= 7.1.5.2)
      activesupport (= 7.1.5.2)
      mail (~> 2.5, >= 2.5.4)
      net-imap
      net-pop
      net-smtp
      rails-dom-testing (~> 2.2)
    actionpack (7.1.5.2)
      actionview (= 7.1.5.2)
      activesupport (= 7.1.5.2)
      nokogiri (>= 1.8.5)
      racc
      rack (>= 2.2.4)
      rack-session (>= 1.0.1)
      rack-test (>= 0.6.3)
      rails-dom-testing (~> 2.2)
      rails-html-sanitizer (~> 1.6)
    actiontext (7.1.5.2)
      actionpack (= 7.1.5.2)
      activerecord (= 7.1.5.2)
      activestorage (= 7.1.5.2)
      activesupport (= 7.1.5.2)
      globalid (>= 0.6.0)
      nokogiri (>= 1.8.5)
    actionview (7.1.5.2)
      activesupport (= 7.1.5.2)
      builder (~> 3.1)
      erubi (~> 1.11)
      rails-dom-testing (~> 2.2)
      rails-html-sanitizer (~> 1.6)
    active_link_to (1.0.5)
      actionpack
      addressable
    activejob (7.1.5.2)
      activesupport (= 7.1.5.2)
      globalid (>= 0.3.6)
    activemodel (7.1.5.2)
      activesupport (= 7.1.5.2)
    activerecord (7.1.5.2)
      activemodel (= 7.1.5.2)
      activesupport (= 7.1.5.2)
      timeout (>= 0.4.0)
    activestorage (7.1.5.2)
      actionpack (= 7.1.5.2)
      activejob (= 7.1.5.2)
      activerecord (= 7.1.5.2)
      activesupport (= 7.1.5.2)
      marcel (~> 1.0)
    activesupport (7.1.5.2)
      base64
      benchmark (>= 0.3)
      bigdecimal
      concurrent-ruby (~> 1.0, >= 1.0.2)
      connection_pool (>= 2.2.5)
      drb
      i18n (>= 1.6, < 2)
      logger (>= 1.4.2)
      minitest (>= 5.1)
      mutex_m
      securerandom (>= 0.3)
      tzinfo (~> 2.0)
    addressable (2.8.8)
      public_suffix (>= 2.0.2, < 8.0)
    algolia (3.34.4)
      base64 (>= 0.2.0, < 1)
      faraday (>= 1.0.1, < 3.0)
      faraday-net_http_persistent (>= 0.15, < 3)
      net-http-persistent
    algoliasearch-rails (3.0.2)
      algolia (>= 3.5.2)
      json (>= 1.5.1)
    annotate (3.2.0)
      activerecord (>= 3.2, < 8.0)
      rake (>= 10.4, < 14.0)
    appdev_support (0.2.1)
      tabulo
    awesome_print (1.9.2)
    aws-eventstream (1.4.0)
    aws-partitions (1.1208.0)
    aws-sdk-core (3.241.4)
      aws-eventstream (~> 1, >= 1.3.0)
      aws-partitions (~> 1, >= 1.992.0)
      aws-sigv4 (~> 1.9)
      base64
      bigdecimal
      jmespath (~> 1, >= 1.6.1)
      logger
    aws-sdk-kms (1.121.0)
      aws-sdk-core (~> 3, >= 3.241.4)
      aws-sigv4 (~> 1.5)
    aws-sdk-s3 (1.212.0)
      aws-sdk-core (~> 3, >= 3.241.4)
      aws-sdk-kms (~> 1)
      aws-sigv4 (~> 1.5)
    aws-sigv4 (1.12.1)
      aws-eventstream (~> 1, >= 1.0.2)
    base64 (0.3.0)
    bcrypt (3.1.21)
    benchmark (0.5.0)
    better_errors (2.10.1)
      erubi (>= 1.0.0)
      rack (>= 0.9.0)
      rouge (>= 1.0.0)
    bigdecimal (4.0.1)
    bindex (0.8.1)
    binding_of_caller (1.0.1)
      debug_inspector (>= 1.2.0)
    bootsnap (1.21.1)
      msgpack (~> 1.2)
    breadcrumbs_on_rails (4.1.0)
      railties (>= 5.0)
    builder (3.3.0)
    capybara (3.40.0)
      addressable
      matrix
      mini_mime (>= 0.1.3)
      nokogiri (~> 1.11)
      rack (>= 1.6.0)
      rack-test (>= 0.6.3)
      regexp_parser (>= 1.5, < 3.0)
      xpath (~> 3.2)
    carrierwave (3.1.2)
      activemodel (>= 6.0.0)
      activesupport (>= 6.0.0)
      addressable (~> 2.6)
      image_processing (~> 1.1)
      marcel (~> 1.0.0)
      ssrf_filter (~> 1.0)
    chartkick (5.2.1)
    childprocess (4.1.0)
    choice (0.2.0)
    chronic (0.10.2)
    coderay (1.1.3)
    color (2.1.2)
    color_namer (0.1.0)
      color (>= 1.4.1)
    complex_config (0.25.0)
      base64
      json
      mize (~> 0.6)
      tins (~> 1)
    concurrent-ruby (1.3.6)
    connection_pool (3.0.2)
    crack (1.0.1)
      bigdecimal
      rexml
    crass (1.0.6)
    csv (3.3.5)
    date (3.5.1)
    debug (1.11.1)
      irb (~> 1.10)
      reline (>= 0.3.8)
    debug_inspector (1.2.0)
    devise (4.9.4)
      bcrypt (~> 3.0)
      orm_adapter (~> 0.1)
      railties (>= 4.1.0)
      responders
      warden (~> 1.2.3)
    diff-lcs (1.6.2)
    domain_name (0.6.20240107)
    dotenv (3.2.0)
    dotenv-rails (3.2.0)
      dotenv (= 3.2.0)
      railties (>= 6.1)
    draft_generators (0.0.5)
      devise
      indefinite_article
    draft_matchers (0.0.2)
      capybara
      color_namer
      rspec
    drb (2.2.3)
    erb (6.0.1)
    erubi (1.13.1)
    et-orbi (1.4.0)
      tzinfo
    eventbrite_sdk (3.6.0)
      rest-client (~> 2.0)
    excon (1.3.2)
      logger
    faker (3.5.3)
      i18n (>= 1.8.11, < 2)
    faraday (2.14.0)
      faraday-net_http (>= 2.0, < 3.5)
      json
      logger
    faraday-gzip (3.1.0)
      faraday (>= 2.0, < 3)
      zlib (~> 3.0)
    faraday-net_http (3.4.2)
      net-http (~> 0.5)
    faraday-net_http_persistent (2.3.1)
      faraday (~> 2.5)
      net-http-persistent (>= 4.0.4, < 5)
    ffi (1.17.3)
    ffi (1.17.3-x64-mingw-ucrt)
    ffi (1.17.3-x86_64-linux-gnu)
    ffi-compiler (1.3.2)
      ffi (>= 1.15.5)
      rake
    fog-aws (3.33.1)
      base64 (>= 0.2, < 0.4)
      fog-core (~> 2.6)
      fog-json (~> 1.1)
      fog-xml (~> 0.1)
    fog-core (2.6.0)
      builder
      excon (~> 1.0)
      formatador (>= 0.2, < 2.0)
      mime-types
    fog-json (1.2.0)
      fog-core
      multi_json (~> 1.10)
    fog-xml (0.1.5)
      fog-core
      nokogiri (>= 1.5.11, < 2.0.0)
    formatador (1.2.3)
      reline
    fugit (1.12.1)
      et-orbi (~> 1.4)
      raabro (~> 1.4)
    geocoder (1.8.6)
      base64 (>= 0.1.0)
      csv (>= 3.0.0)
    globalid (1.3.0)
      activesupport (>= 6.1)
    gmaps4rails (2.1.2)
    good_job (4.13.1)
      activejob (>= 6.1.0)
      activerecord (>= 6.1.0)
      concurrent-ruby (>= 1.3.1)
      fugit (>= 1.11.0)
      railties (>= 6.1.0)
      thor (>= 1.0.0)
    groupdate (6.7.0)
      activesupport (>= 7.1)
    hashdiff (1.2.1)
    hashie (5.1.0)
      logger
    htmlbeautifier (1.4.3)
    http (5.3.1)
      addressable (~> 2.8)
      http-cookie (~> 1.0)
      http-form_data (~> 2.2)
      llhttp-ffi (~> 0.5.0)
    http-accept (1.7.0)
    http-cookie (1.1.0)
      domain_name (~> 0.5)
    http-form_data (2.3.0)
    httparty (0.24.2)
      csv
      mini_mime (>= 1.0.0)
      multi_xml (>= 0.5.2)
    i18n (1.14.8)
      concurrent-ruby (~> 1.0)
    image_processing (1.14.0)
      mini_magick (>= 4.9.5, < 6)
      ruby-vips (>= 2.0.17, < 3)
    importmap-rails (2.2.3)
      actionpack (>= 6.0.0)
      activesupport (>= 6.0.0)
      railties (>= 6.0.0)
    indefinite_article (0.2.5)
      activesupport
    infobar (0.12.0)
      complex_config (~> 0.22)
      more_math
      term-ansicolor (~> 1.11)
      tins (~> 1, >= 1.28.0)
    io-console (0.8.2)
    irb (1.16.0)
      pp (>= 0.6.0)
      rdoc (>= 4.0.0)
      reline (>= 0.4.2)
    jbuilder (2.14.1)
      actionview (>= 7.0.0)
      activesupport (>= 7.0.0)
    jmespath (1.6.2)
    jquery-rails (4.6.1)
      rails-dom-testing (>= 1, < 3)
      railties (>= 4.2.0)
      thor (>= 0.14, < 2.0)
    json (2.18.0)
    jwt (3.1.2)
      base64
    kaminari (1.2.2)
      activesupport (>= 4.1.0)
      kaminari-actionview (= 1.2.2)
      kaminari-activerecord (= 1.2.2)
      kaminari-core (= 1.2.2)
    kaminari-actionview (1.2.2)
      actionview
      kaminari-core (= 1.2.2)
    kaminari-activerecord (1.2.2)
      activerecord
      kaminari-core (= 1.2.2)
    kaminari-core (1.2.2)
    kramdown (2.5.2)
      rexml (>= 3.4.4)
    kramdown-ansi (0.4.0)
      json (~> 2.0)
      kramdown-parser-gfm (~> 1.1)
      term-ansicolor (~> 1.11)
      terminal-table (~> 3.0)
    kramdown-parser-gfm (1.1.0)
      kramdown (~> 2.0)
    launchy (2.5.2)
      addressable (~> 2.8)
    letter_opener (1.10.0)
      launchy (>= 2.2, < 4)
    llhttp-ffi (0.5.1)
      ffi-compiler (~> 1.0)
      rake (~> 13.0)
    logger (1.7.0)
    loofah (2.25.0)
      crass (~> 1.0.2)
      nokogiri (>= 1.12.0)
    mail (2.9.0)
      logger
      mini_mime (>= 0.1.1)
      net-imap
      net-pop
      net-smtp
    marcel (1.0.4)
    matrix (0.4.3)
    method_source (1.1.0)
    mime-types (3.7.0)
      logger
      mime-types-data (~> 3.2025, >= 3.2025.0507)
    mime-types-data (3.2026.0113)
    mini_magick (5.3.1)
      logger
    mini_mime (1.1.5)
    mini_portile2 (2.8.9)
    minitest (6.0.1)
      prism (~> 1.5)
    mize (0.6.1)
    more_math (1.11.0)
      mize
      tins (~> 1)
    mozaic (2.0.1)
      activesupport (>= 5.0)
      nestive-rails (~> 1.0)
      railties (>= 5.0)
    msgpack (1.8.0)
    multi_json (1.19.1)
    multi_xml (0.8.1)
      bigdecimal (>= 3.1, < 5)
    mutex_m (0.3.0)
    nestive-rails (1.0.2)
      actionview (>= 5.0)
      railties (>= 5.0)
    net-http (0.9.1)
      uri (>= 0.11.1)
    net-http-persistent (4.0.8)
      connection_pool (>= 2.2.4, < 4)
    net-imap (0.6.2)
      date
      net-protocol
    net-pop (0.1.2)
      net-protocol
    net-protocol (0.2.2)
      timeout
    net-smtp (0.5.1)
      net-protocol
    netrc (0.11.0)
    nio4r (2.7.5)
    nokogiri (1.19.0)
      mini_portile2 (~> 2.8.2)
      racc (~> 1.4)
    nokogiri (1.19.0-x64-mingw-ucrt)
      racc (~> 1.4)
    nokogiri (1.19.0-x86_64-linux-gnu)
      racc (~> 1.4)
    oauth2 (2.0.18)
      faraday (>= 0.17.3, < 4.0)
      jwt (>= 1.0, < 4.0)
      logger (~> 1.2)
      multi_xml (~> 0.5)
      rack (>= 1.2, < 4)
      snaky_hash (~> 2.0, >= 2.0.3)
      version_gem (~> 1.1, >= 1.1.9)
    ollama-ruby (1.18.0)
      excon (~> 1.0)
      infobar (~> 0.8)
      json (~> 2.0)
      kramdown-ansi (~> 0.0, >= 0.0.1)
      nokogiri (~> 1.0)
      ostruct (~> 0.0)
      term-ansicolor (~> 1.11)
      terminal-table (~> 3.0)
      tins (~> 1)
    omniauth (2.1.4)
      hashie (>= 3.4.6)
      logger
      rack (>= 2.2.3)
      rack-protection
    omniauth-github (2.0.1)
      omniauth (~> 2.0)
      omniauth-oauth2 (~> 1.8)
    omniauth-oauth2 (1.9.0)
      oauth2 (>= 2.0.2, < 3)
      omniauth (~> 2.0)
    omniauth-rails_csrf_protection (2.0.1)
      actionpack (>= 4.2)
      omniauth (~> 2.0)
    orm_adapter (0.5.0)
    ostruct (0.6.3)
    pg (1.6.3)
    pg (1.6.3-x64-mingw-ucrt)
    pg (1.6.3-x86_64-linux)
    pp (0.6.3)
      prettyprint
    prettyprint (0.2.0)
    prism (1.8.0)
    pry (0.16.0)
      coderay (~> 1.1)
      method_source (~> 1.0)
      reline (>= 0.6.0)
    pry-rails (0.3.11)
      pry (>= 0.13.0)
    psych (5.3.1)
      date
      stringio
    public_suffix (7.0.2)
    puma (7.2.0)
      nio4r (~> 2.0)
    pundit (2.5.2)
      activesupport (>= 3.0.0)
    pwa (4.0.6)
      mozaic (~> 2.0)
      railties (>= 5.0)
    raabro (1.4.0)
    racc (1.8.1)
    rack (3.2.4)
    rack-protection (4.2.1)
      base64 (>= 0.1.0)
      logger (>= 1.6.0)
      rack (>= 3.0.0, < 4)
    rack-session (2.1.1)
      base64 (>= 0.1.0)
      rack (>= 3.0.0)
    rack-test (2.2.0)
      rack (>= 1.3)
    rackup (2.3.1)
      rack (>= 3)
    rails (7.1.5.2)
      actioncable (= 7.1.5.2)
      actionmailbox (= 7.1.5.2)
      actionmailer (= 7.1.5.2)
      actionpack (= 7.1.5.2)
      actiontext (= 7.1.5.2)
      actionview (= 7.1.5.2)
      activejob (= 7.1.5.2)
      activemodel (= 7.1.5.2)
      activerecord (= 7.1.5.2)
      activestorage (= 7.1.5.2)
      activesupport (= 7.1.5.2)
      bundler (>= 1.15.0)
      railties (= 7.1.5.2)
    rails-dom-testing (2.3.0)
      activesupport (>= 5.0.0)
      minitest
      nokogiri (>= 1.6)
    rails-erd (1.7.2)
      activerecord (>= 4.2)
      activesupport (>= 4.2)
      choice (~> 0.2.0)
      ruby-graphviz (~> 1.2)
    rails-html-sanitizer (1.6.2)
      loofah (~> 2.21)
      nokogiri (>= 1.15.7, != 1.16.7, != 1.16.6, != 1.16.5, != 1.16.4, != 1.16.3, != 1.16.2, != 1.16.1, != 1.16.0.rc1, != 1.16.0)
    rails_db (2.5.0)
      activerecord
      csv
      kaminari
      rails (>= 5.0.0)
      ransack (>= 2.3.2)
      simple_form (>= 5.0.1)
      terminal-table
    railties (7.1.5.2)
      actionpack (= 7.1.5.2)
      activesupport (= 7.1.5.2)
      irb
      rackup (>= 1.0.0)
      rake (>= 12.2)
      thor (~> 1.0, >= 1.2.2)
      zeitwerk (~> 2.6)
    rake (13.3.1)
    ransack (4.4.0)
      activerecord (>= 7.1)
      activesupport (>= 7.1)
      i18n
    rdoc (7.1.0)
      erb
      psych (>= 4.0.0)
      tsort
    readline (0.0.4)
      reline
    redis (4.8.1)
    regexp_parser (2.11.3)
    reline (0.6.3)
      io-console (~> 0.5)
    responders (3.2.0)
      actionpack (>= 7.0)
      railties (>= 7.0)
    rest-client (2.1.0)
      http-accept (>= 1.7.0, < 2.0)
      http-cookie (>= 1.0.2, < 2.0)
      mime-types (>= 1.16, < 4.0)
      netrc (~> 0.8)
    rexml (3.4.4)
    rouge (4.7.0)
    rspec (3.13.2)
      rspec-core (~> 3.13.0)
      rspec-expectations (~> 3.13.0)
      rspec-mocks (~> 3.13.0)
    rspec-core (3.13.6)
      rspec-support (~> 3.13.0)
    rspec-expectations (3.13.5)
      diff-lcs (>= 1.2.0, < 2.0)
      rspec-support (~> 3.13.0)
    rspec-html-matchers (0.10.0)
      nokogiri (~> 1)
      rspec (>= 3.0.0.a)
    rspec-mocks (3.13.7)
      diff-lcs (>= 1.2.0, < 2.0)
      rspec-support (~> 3.13.0)
    rspec-rails (6.0.4)
      actionpack (>= 6.1)
      activesupport (>= 6.1)
      railties (>= 6.1)
      rspec-core (~> 3.12)
      rspec-expectations (~> 3.12)
      rspec-mocks (~> 3.12)
      rspec-support (~> 3.12)
    rspec-support (3.13.6)
    ruby-graphviz (1.2.5)
      rexml
    ruby-vips (2.3.0)
      ffi (~> 1.12)
      logger
    rubyzip (3.2.2)
    rufo (0.18.2)
    securerandom (0.4.1)
    selenium-webdriver (4.1.0)
      childprocess (>= 0.5, < 5.0)
      rexml (~> 3.2, >= 3.2.5)
      rubyzip (>= 1.2.2)
    shoulda-matchers (4.5.1)
      activesupport (>= 4.2.0)
    simple_calendar (2.4.3)
      rails (>= 3.0)
    simple_form (5.4.1)
      actionpack (>= 7.0)
      activemodel (>= 7.0)
    snaky_hash (2.0.3)
      hashie (>= 0.1.0, < 6)
      version_gem (>= 1.1.8, < 3)
    specs_to_readme (0.1.0)
    sprockets (4.2.2)
      concurrent-ruby (~> 1.0)
      logger
      rack (>= 2.2.4, < 4)
    sprockets-rails (3.5.2)
      actionpack (>= 6.1)
      activesupport (>= 6.1)
      sprockets (>= 3.0.0)
    sqlite3 (1.7.3)
      mini_portile2 (~> 2.8.0)
    sqlite3 (1.7.3-x86_64-linux)
    ssrf_filter (1.3.0)
    stimulus-rails (1.3.4)
      railties (>= 6.0.0)
    stringio (3.2.0)
    sync (0.5.0)
    table_print (1.5.7)
    tabulo (3.0.2)
      tty-screen (= 0.8.2)
      unicode-display_width (~> 2.5)
    term-ansicolor (1.11.3)
      tins (~> 1)
    terminal-table (3.0.2)
      unicode-display_width (>= 1.1.1, < 3)
    thor (1.5.0)
    timeout (0.6.0)
    tins (1.51.1)
      bigdecimal
      mize (~> 0.6)
      readline
      sync
    tsort (0.2.0)
    tty-screen (0.8.2)
    turbo-rails (2.0.21)
      actionpack (>= 7.1.0)
      railties (>= 7.1.0)
    tzinfo (2.0.6)
      concurrent-ruby (~> 1.0)
    tzinfo-data (1.2025.3)
      tzinfo (>= 1.0.0)
    unicode-display_width (2.6.0)
    uri (1.1.1)
    version_gem (1.1.9)
    warden (1.2.9)
      rack (>= 2.0.9)
    web-console (4.2.1)
      actionview (>= 6.0.0)
      activemodel (>= 6.0.0)
      bindex (>= 0.4.0)
      railties (>= 6.0.0)
    webdrivers (5.3.1)
      nokogiri (~> 1.6)
      rubyzip (>= 1.3.0)
      selenium-webdriver (~> 4.0, < 4.11)
    webmock (3.26.1)
      addressable (>= 2.8.0)
      crack (>= 0.3.2)
      hashdiff (>= 0.4.0, < 2.0.0)
    websocket-driver (0.8.0)
      base64
      websocket-extensions (>= 0.1.0)
    websocket-extensions (0.1.5)
    whenever (1.1.2)
      chronic (>= 0.6.3)
    xpath (3.2.0)
      nokogiri (~> 1.8)
    zeitwerk (2.7.4)
    zlib (3.2.2)

PLATFORMS
  ruby
  x64-mingw-ucrt
  x86_64-linux
  x86_64-unknown

DEPENDENCIES
  active_link_to
  algolia
  algoliasearch-rails
  annotate
  appdev_support
  awesome_print
  aws-sdk-s3
  better_errors
  binding_of_caller
  bootsnap
  breadcrumbs_on_rails
  capybara
  carrierwave
  chartkick
  debug
  devise
  dotenv-rails
  draft_generators
  draft_matchers
  eventbrite_sdk
  faker
  faraday
  faraday-gzip
  fog-aws
  geocoder
  gmaps4rails
  good_job (~> 4.5)
  groupdate
  htmlbeautifier
  http
  httparty
  image_processing (~> 1.2)
  importmap-rails
  jbuilder
  jquery-rails
  kaminari (~> 1.2)
  letter_opener
  nokogiri
  ollama-ruby
  omniauth-github
  omniauth-rails_csrf_protection
  pg (~> 1.1)
  pry-rails
  puma
  pundit
  pwa
  racc
  rails (~> 7.1.5.1)
  rails-erd
  rails_db
  rake (>= 13.3.1)
  ransack (~> 4.1)
  redis (~> 4.0)
  rspec-html-matchers
  rspec-rails (~> 6.0.0)
  rufo
  selenium-webdriver
  shoulda-matchers (~> 4.0)
  simple_calendar (~> 2.0)
  simple_form
  specs_to_readme
  sprockets-rails
  sqlite3 (~> 1.4)
  stimulus-rails
  table_print
  turbo-rails
  tzinfo-data
  web-console
  webdrivers
  webmock
  whenever
  zlib

CHECKSUMS
  actioncable (7.1.5.2) sha256=79dd467dab2351110fe1fc69e25cee0110bf11f0b9f30165b945b574eebd5e37
  actionmailbox (7.1.5.2) sha256=192b1dc102fe2b917cfc829a9944f6b08fd3237d10cf166498f7927857dcac4e
  actionmailer (7.1.5.2) sha256=7a5c5fec1eb1bc64e97dcb73d38f17f27df30d5118f7eeb60e575ec10a9e860b
  actionpack (7.1.5.2) sha256=a7bfedc8aaeb260778a358870120321a3146954497be465d534722c8c0d644fd
  actiontext (7.1.5.2) sha256=505678e4611762cb68e9c05bc5776ce5977415beed2fbabdd0ed110c63390207
  actionview (7.1.5.2) sha256=4fc916ac7eac631e228955207b1730935a7944a4d87d45a32cc40e977d5ca1c9
  active_link_to (1.0.5) sha256=4830847b3d14589df1e9fc62038ceec015257fce975ec1c2a77836c461b139ba
  activejob (7.1.5.2) sha256=afb662a5c5cda81e34fe6b09089cdf4084aabc27c6aedbd58ba4c1bef7bd804e
  activemodel (7.1.5.2) sha256=4fb6a56a8614ee820c218563fcdebcf0d7b16ab153b81ecd2ed91877cf4ac8b5
  activerecord (7.1.5.2) sha256=923da72b2da727fd2868bfa2a536db6facf71d67064889a4fb16ff323da99d2a
  activestorage (7.1.5.2) sha256=ed9acb147cea135f9e00efd984a7b8ed670b15bc6e434956931b8deecec17c98
  activesupport (7.1.5.2) sha256=900031b9c8acbfea604977addcbfe990ba8f36e1059e9d448df520bbead36ed1
  addressable (2.8.8) sha256=7c13b8f9536cf6364c03b9d417c19986019e28f7c00ac8132da4eb0fe393b057
  algolia (3.34.4) sha256=a9c473c68ee39ac5c4cef59df7173dff75a4f7ceb1b805a0aed31a031087d165
  algoliasearch-rails (3.0.2) sha256=39c2921920cf5802c7d589ddeaef42e7559bc0477a05d3d7345017c627e5c4e5
  annotate (3.2.0) sha256=9a61baa1fb13880aa3a8d9f62553889bb2a3b7970f88bbc66d3ac75a567780d3
  appdev_support (0.2.1) sha256=b2b77f1a67fd7d5d85c2911ab33a7ca29c78e192d799832c724029692491849a
  awesome_print (1.9.2) sha256=e99b32b704acff16d768b3468680793ced40bfdc4537eb07e06a4be11133786e
  aws-eventstream (1.4.0) sha256=116bf85c436200d1060811e6f5d2d40c88f65448f2125bc77ffce5121e6e183b
  aws-partitions (1.1208.0) sha256=352a86fd13589cd734c64dd2aea486d73e6698fa515fd88b8e7b260f74c4454d
  aws-sdk-core (3.241.4) sha256=a42ccba8c24ea9800e7b6c40aa201c967458f7c460044a6eebf64fbf1226e4fd
  aws-sdk-kms (1.121.0) sha256=d563c1cfb4b5754efbc671216c8eca875338748adad0f42518c28dfa0a2d01e0
  aws-sdk-s3 (1.212.0) sha256=1e8ec4eee6914818dc79840e05c04fba9e61e8aa4822eef283fe593b93397c19
  aws-sigv4 (1.12.1) sha256=6973ff95cb0fd0dc58ba26e90e9510a2219525d07620c8babeb70ef831826c00
  base64 (0.3.0) sha256=27337aeabad6ffae05c265c450490628ef3ebd4b67be58257393227588f5a97b
  bcrypt (3.1.21) sha256=5964613d750a42c7ee5dc61f7b9336fb6caca429ba4ac9f2011609946e4a2dcf
  benchmark (0.5.0) sha256=465df122341aedcb81a2a24b4d3bd19b6c67c1530713fd533f3ff034e419236c
  better_errors (2.10.1) sha256=f798f1bac93f3e775925b7fcb24cffbcf0bb62ee2210f5350f161a6b75fc0a73
  bigdecimal (4.0.1) sha256=8b07d3d065a9f921c80ceaea7c9d4ae596697295b584c296fe599dd0ad01c4a7
  bindex (0.8.1) sha256=7b1ecc9dc539ed8bccfc8cb4d2732046227b09d6f37582ff12e50a5047ceb17e
  binding_of_caller (1.0.1) sha256=2b2902abff4246ddcfbc4da9b69bc4a019e22aeb300c2ff6289a173d4b90b29a
  bootsnap (1.21.1) sha256=9373acfe732da35846623c337d3481af8ce77c7b3a927fb50e9aa92b46dbc4c4
  breadcrumbs_on_rails (4.1.0) sha256=6146ecf669f6251507231028719d51d92b8f42f1f982b83a2481fa1465cb6cee
  builder (3.3.0) sha256=497918d2f9dca528fdca4b88d84e4ef4387256d984b8154e9d5d3fe5a9c8835f
  capybara (3.40.0) sha256=42dba720578ea1ca65fd7a41d163dd368502c191804558f6e0f71b391054aeef
  carrierwave (3.1.2) sha256=6390a466836449bdf4e10fa1d98ab6323a53c8241e900110acc29d61ecad58f4
  chartkick (5.2.1) sha256=2848d7de87189f30f28d077eb0bbdebc8a1f0f6f81de1ded95008fe564369949
  childprocess (4.1.0) sha256=3616ce99ccb242361ce7f2b19bf9ff3e6bc1d98b927c7edc29af8ca617ba6cd3
  choice (0.2.0) sha256=a19617f7dfd4921b38a85d0616446620de685a113ec6d1ecc85bdb67bf38c974
  chronic (0.10.2) sha256=766f2fcce6ac3cc152249ed0f2b827770d3e517e2e87c5fba7ed74f4889d2dc3
  coderay (1.1.3) sha256=dc530018a4684512f8f38143cd2a096c9f02a1fc2459edcfe534787a7fc77d4b
  color (2.1.2) sha256=b34479be106d2ce776a650a32e8e095d5cd0fb265843e5de6ede0d03f1040422
  color_namer (0.1.0) sha256=071d1a00617fd366503f2bd7e1dbba81531976323985aabc30833f8786ebaa3e
  complex_config (0.25.0) sha256=71f54e482826e04ebe354f6fba7a471295ebca7e28082bc33676f569adf3e9e8
  concurrent-ruby (1.3.6) sha256=6b56837e1e7e5292f9864f34b69c5a2cbc75c0cf5338f1ce9903d10fa762d5ab
  connection_pool (3.0.2) sha256=33fff5ba71a12d2aa26cb72b1db8bba2a1a01823559fb01d29eb74c286e62e0a
  crack (1.0.1) sha256=ff4a10390cd31d66440b7524eb1841874db86201d5b70032028553130b6d4c7e
  crass (1.0.6) sha256=dc516022a56e7b3b156099abc81b6d2b08ea1ed12676ac7a5657617f012bd45d
  csv (3.3.5) sha256=6e5134ac3383ef728b7f02725d9872934f523cb40b961479f69cf3afa6c8e73f
  date (3.5.1) sha256=750d06384d7b9c15d562c76291407d89e368dda4d4fff957eb94962d325a0dc0
  debug (1.11.1) sha256=2e0b0ac6119f2207a6f8ac7d4a73ca8eb4e440f64da0a3136c30343146e952b6
  debug_inspector (1.2.0) sha256=9bdfa02eebc3da163833e6a89b154084232f5766087e59573b70521c77ea68a2
  devise (4.9.4) sha256=920042fe5e704c548aa4eb65ebdd65980b83ffae67feb32c697206bfd975a7f8
  diff-lcs (1.6.2) sha256=9ae0d2cba7d4df3075fe8cd8602a8604993efc0dfa934cff568969efb1909962
  domain_name (0.6.20240107) sha256=5f693b2215708476517479bf2b3802e49068ad82167bcd2286f899536a17d933
  dotenv (3.2.0) sha256=e375b83121ea7ca4ce20f214740076129ab8514cd81378161f11c03853fe619d
  dotenv-rails (3.2.0) sha256=657e25554ba622ffc95d8c4f1670286510f47f2edda9f68293c3f661b303beab
  draft_generators (0.0.5) sha256=03082bf783a732186c931b4c3bec0abf0049ef794c0d75c4f3484f810923bdd8
  draft_matchers (0.0.2) sha256=04278dc9d6d0fa669e9678cee5e41c7ce85f0a4d1dc4e907c94ca6b957d8159e
  drb (2.2.3) sha256=0b00d6fdb50995fe4a45dea13663493c841112e4068656854646f418fda13373
  erb (6.0.1) sha256=28ecdd99c5472aebd5674d6061e3c6b0a45c049578b071e5a52c2a7f13c197e5
  erubi (1.13.1) sha256=a082103b0885dbc5ecf1172fede897f9ebdb745a4b97a5e8dc63953db1ee4ad9
  et-orbi (1.4.0) sha256=6c7e3c90779821f9e3b324c5e96fda9767f72995d6ae435b96678a4f3e2de8bc
  eventbrite_sdk (3.6.0) sha256=513cfdf741fb75a81dacdee057a24cfffe796bdfe157ac055b08d1f4dd60e6ee
  excon (1.3.2) sha256=a089babe98638e58042a7d542b2bbd183304527e33d612b6dde22fa491a544a5
  faker (3.5.3) sha256=b961482dc0bb15ccb9a98ea7878b925669e9ae8f5e59b607da540b768137d765
  faraday (2.14.0) sha256=8699cfe5d97e55268f2596f9a9d5a43736808a943714e3d9a53e6110593941cd
  faraday-gzip (3.1.0) sha256=320783690be169f9b7ddde11598b77156951343753f66a9ab98b1f6694433ff8
  faraday-net_http (3.4.2) sha256=f147758260d3526939bf57ecf911682f94926a3666502e24c69992765875906c
  faraday-net_http_persistent (2.3.1) sha256=23ffba37d6a27807a10f033d01918ec958aa73fa6ff0fccfbcd5ce2d2e68fca3
  ffi (1.17.3) sha256=0e9f39f7bb3934f77ad6feab49662be77e87eedcdeb2a3f5c0234c2938563d4c
  ffi (1.17.3-x64-mingw-ucrt) sha256=5f1d7d067a9a1058ad183dba25b05557cd51c85fc1768c49338eabc1cf242d7c
  ffi (1.17.3-x86_64-linux-gnu) sha256=3746b01f677aae7b16dc1acb7cb3cc17b3e35bdae7676a3f568153fb0e2c887f
  ffi-compiler (1.3.2) sha256=a94f3d81d12caf5c5d4ecf13980a70d0aeaa72268f3b9cc13358bcc6509184a0
  fog-aws (3.33.1) sha256=20c7336ed978be6cbf2765844c53f30676288af98f1cb49945aa7b7b45a799a5
  fog-core (2.6.0) sha256=3fe08aa83a23cddce42f4ba412040c08f890d7ff04c175c0ee59119371245be6
  fog-json (1.2.0) sha256=dd4f5ab362dbc72b687240bba9d2dd841d5dfe888a285797533f85c03ea548fe
  fog-xml (0.1.5) sha256=52b9fea10701461dd3eaf9d9839702169b418dbbf50426786b9b74fade373bd6
  formatador (1.2.3) sha256=19fa898133c2c26cdbb5d09f6998c1e137ad9427a046663e55adfe18b950d894
  fugit (1.12.1) sha256=5898f478ede9b415f0804e42b8f3fd53f814bd85eebffceebdbc34e1107aaf68
  geocoder (1.8.6) sha256=e0ca1554b499f466de9b003f7dff70f89a5888761c2ca68ed9f86b6e5e24e74c
  globalid (1.3.0) sha256=05c639ad6eb4594522a0b07983022f04aa7254626ab69445a0e493aa3786ff11
  gmaps4rails (2.1.2) sha256=09c3bf095ca8e97d1d6f3b5c9e4dd905d445b0399c5ecfd5cc53e0fafce87c2b
  good_job (4.13.1) sha256=577badbcff76d898bb22cea84cba48c671074ad52d4c77e94b1b301d57e55f93
  groupdate (6.7.0) sha256=beaa8d5bf3856814681914a1d4a20e77436a2214b85d0017dc2ea5c355fb6777
  hashdiff (1.2.1) sha256=9c079dbc513dfc8833ab59c0c2d8f230fa28499cc5efb4b8dd276cf931457cd1
  hashie (5.1.0) sha256=c266471896f323c446ea8207f8ffac985d2718df0a0ba98651a3057096ca3870
  htmlbeautifier (1.4.3) sha256=b43d08f7e2aa6ae1b5a6f0607b4ed8954c8d4a8e85fd2336f975dda1e4db385b
  http (5.3.1) sha256=c50802d8e9be3926cb84ac3b36d1a31fbbac383bc4cbecdce9053cb604231d7d
  http-accept (1.7.0) sha256=c626860682bfbb3b46462f8c39cd470fd7b0584f61b3cc9df5b2e9eb9972a126
  http-cookie (1.1.0) sha256=38a5e60d1527eebc396831b8c4b9455440509881219273a6c99943d29eadbb19
  http-form_data (2.3.0) sha256=cc4eeb1361d9876821e31d7b1cf0b68f1cf874b201d27903480479d86448a5f3
  httparty (0.24.2) sha256=8fca6a54aa0c4aa4303a0fd33e5e2156175d6a5334f714263b458abd7fda9c38
  i18n (1.14.8) sha256=285778639134865c5e0f6269e0b818256017e8cde89993fdfcbfb64d088824a5
  image_processing (1.14.0) sha256=754cc169c9c262980889bec6bfd325ed1dafad34f85242b5a07b60af004742fb
  importmap-rails (2.2.3) sha256=7101be2a4dc97cf1558fb8f573a718404c5f6bcfe94f304bf1f39e444feeb16a
  indefinite_article (0.2.5) sha256=6d8199c4970ef9c439678de2e7eb201dbae375bb52eba99a65646603f8b7902f
  infobar (0.12.0) sha256=1a2258304c8ee7aed17dd928903e78204589b9f30438a98d6d57317a90ee2543
  io-console (0.8.2) sha256=d6e3ae7a7cc7574f4b8893b4fca2162e57a825b223a177b7afa236c5ef9814cc
  irb (1.16.0) sha256=2abe56c9ac947cdcb2f150572904ba798c1e93c890c256f8429981a7675b0806
  jbuilder (2.14.1) sha256=4eb26376ff60ef100cb4fd6fd7533cd271f9998327e86adf20fd8c0e69fabb42
  jmespath (1.6.2) sha256=238d774a58723d6c090494c8879b5e9918c19485f7e840f2c1c7532cf84ebcb1
  jquery-rails (4.6.1) sha256=619f3496cdcdeaae1fd6dafa52dbac3fc45b745d4e09712da4184a16b3a8d9c0
  json (2.18.0) sha256=b10506aee4183f5cf49e0efc48073d7b75843ce3782c68dbeb763351c08fd505
  jwt (3.1.2) sha256=af6991f19a6bb4060d618d9add7a66f0eeb005ac0bc017cd01f63b42e122d535
  kaminari (1.2.2) sha256=c4076ff9adccc6109408333f87b5c4abbda5e39dc464bd4c66d06d9f73442a3e
  kaminari-actionview (1.2.2) sha256=1330f6fc8b59a4a4ef6a549ff8a224797289ebf7a3a503e8c1652535287cc909
  kaminari-activerecord (1.2.2) sha256=0dd3a67bab356a356f36b3b7236bcb81cef313095365befe8e98057dd2472430
  kaminari-core (1.2.2) sha256=3bd26fec7370645af40ca73b9426a448d09b8a8ba7afa9ba3c3e0d39cdbb83ff
  kramdown (2.5.2) sha256=1ba542204c66b6f9111ff00dcc26075b95b220b07f2905d8261740c82f7f02fa
  kramdown-ansi (0.4.0) sha256=485ea42de856fbdd8873e55db1f9129e1b1585ff2a797bb69278d3dec33305ef
  kramdown-parser-gfm (1.1.0) sha256=fb39745516427d2988543bf01fc4cf0ab1149476382393e0e9c48592f6581729
  launchy (2.5.2) sha256=8aa0441655aec5514008e1d04892c2de3ba57bd337afb984568da091121a241b
  letter_opener (1.10.0) sha256=2ff33f2e3b5c3c26d1959be54b395c086ca6d44826e8bf41a14ff96fdf1bdbb2
  llhttp-ffi (0.5.1) sha256=9a25a7fc19311f691a78c9c0ac0fbf4675adbd0cca74310228fdf841018fa7bc
  logger (1.7.0) sha256=196edec7cc44b66cfb40f9755ce11b392f21f7967696af15d274dde7edff0203
  loofah (2.25.0) sha256=df5ed7ac3bac6a4ec802df3877ee5cc86d027299f8952e6243b3dac446b060e6
  mail (2.9.0) sha256=6fa6673ecd71c60c2d996260f9ee3dd387d4673b8169b502134659ece6d34941
  marcel (1.0.4) sha256=0d5649feb64b8f19f3d3468b96c680bae9746335d02194270287868a661516a4
  matrix (0.4.3) sha256=a0d5ab7ddcc1973ff690ab361b67f359acbb16958d1dc072b8b956a286564c5b
  method_source (1.1.0) sha256=181301c9c45b731b4769bc81e8860e72f9161ad7d66dd99103c9ab84f560f5c5
  mime-types (3.7.0) sha256=dcebf61c246f08e15a4de34e386ebe8233791e868564a470c3fe77c00eed5e56
  mime-types-data (3.2026.0113) sha256=8c88fa7b1af91c87098f666b7ffbd4794799a71c05765be2c1f6df337d41b04c
  mini_magick (5.3.1) sha256=29395dfd76badcabb6403ee5aff6f681e867074f8f28ce08d78661e9e4a351c4
  mini_mime (1.1.5) sha256=8681b7e2e4215f2a159f9400b5816d85e9d8c6c6b491e96a12797e798f8bccef
  mini_portile2 (2.8.9) sha256=0cd7c7f824e010c072e33f68bc02d85a00aeb6fce05bb4819c03dfd3c140c289
  minitest (6.0.1) sha256=7854c74f48e2e975969062833adc4013f249a4b212f5e7b9d5c040bf838d54bb
  mize (0.6.1) sha256=4031558979ff5426fda24c75a149b4e4c0faf4cacf2fae8938f83866ab94b780
  more_math (1.11.0) sha256=2f7b507aa935cf3762e8f9153cc661a300dc2ac257b3231af35754fc17c8d527
  mozaic (2.0.1) sha256=f280d2d0bd7864f8150385e4805df8bf3603fa40d93e28002fec9ec877ad80e2
  msgpack (1.8.0) sha256=e64ce0212000d016809f5048b48eb3a65ffb169db22238fb4b72472fecb2d732
  multi_json (1.19.1) sha256=7aefeff8f2c854bf739931a238e4aea64592845e0c0395c8a7d2eea7fdd631b7
  multi_xml (0.8.1) sha256=addba0290bac34e9088bfe73dc4878530297a82a7bbd66cb44dcd0a4b86edf5a
  mutex_m (0.3.0) sha256=cfcb04ac16b69c4813777022fdceda24e9f798e48092a2b817eb4c0a782b0751
  nestive-rails (1.0.2) sha256=be95ca78996ae0038833349ada4e7ea52d68502b924df2188569b9aaff49dda5
  net-http (0.9.1) sha256=25ba0b67c63e89df626ed8fac771d0ad24ad151a858af2cc8e6a716ca4336996
  net-http-persistent (4.0.8) sha256=ef3de8319d691537b329053fae3a33195f8b070bbbfae8bf1a58c796081960e6
  net-imap (0.6.2) sha256=08caacad486853c61676cca0c0c47df93db02abc4a8239a8b67eb0981428acc6
  net-pop (0.1.2) sha256=848b4e982013c15b2f0382792268763b748cce91c9e91e36b0f27ed26420dff3
  net-protocol (0.2.2) sha256=aa73e0cba6a125369de9837b8d8ef82a61849360eba0521900e2c3713aa162a8
  net-smtp (0.5.1) sha256=ed96a0af63c524fceb4b29b0d352195c30d82dd916a42f03c62a3a70e5b70736
  netrc (0.11.0) sha256=de1ce33da8c99ab1d97871726cba75151113f117146becbe45aa85cb3dabee3f
  nio4r (2.7.5) sha256=6c90168e48fb5f8e768419c93abb94ba2b892a1d0602cb06eef16d8b7df1dca1
  nokogiri (1.19.0) sha256=e304d21865f62518e04f2bf59f93bd3a97ca7b07e7f03952946d8e1c05f45695
  nokogiri (1.19.0-x64-mingw-ucrt) sha256=05d7ed2d95731edc9bef2811522dc396df3e476ef0d9c76793a9fca81cab056b
  nokogiri (1.19.0-x86_64-linux-gnu) sha256=f482b95c713d60031d48c44ce14562f8d2ce31e3a9e8dd0ccb131e9e5a68b58c
  oauth2 (2.0.18) sha256=bacf11e470dfb963f17348666d0a75c7b29ca65bc48fd47be9057cf91a403287
  ollama-ruby (1.18.0) sha256=bfd07587de9038db07a5bfa33e37320199b07f82646dbbc453c3697f9df890f9
  omniauth (2.1.4) sha256=42a05b0496f0d22e1dd85d42aaf602f064e36bb47a6826a27ab55e5ba608763c
  omniauth-github (2.0.1) sha256=8ff8e70ac6d6db9d52485eef52cfa894938c941496e66b52b5e2773ade3ccad4
  omniauth-oauth2 (1.9.0) sha256=ed15f6d9d20991807ce114cc5b9c1453bce3645b64e51c68c90cff5ff153fee8
  omniauth-rails_csrf_protection (2.0.1) sha256=c6e3204d7e3925bb537cb52d50fdfc9f05293f1a9d87c5d4ab4ca3a39ba8c32d
  orm_adapter (0.5.0) sha256=aa5d0be5d540cbb46d3a93e88061f4ece6a25f6e97d6a47122beb84fe595e9b9
  ostruct (0.6.3) sha256=95a2ed4a4bd1d190784e666b47b2d3f078e4a9efda2fccf18f84ddc6538ed912
  pg (1.6.3) sha256=1388d0563e13d2758c1089e35e973a3249e955c659592d10e5b77c468f628a99
  pg (1.6.3-x64-mingw-ucrt) sha256=cdff974cbde6935e07b8f5cc3c2af7d320bc5263bde06acaae08302194ebf5e1
  pg (1.6.3-x86_64-linux) sha256=5d9e188c8f7a0295d162b7b88a768d8452a899977d44f3274d1946d67920ae8d
  pp (0.6.3) sha256=2951d514450b93ccfeb1df7d021cae0da16e0a7f95ee1e2273719669d0ab9df6
  prettyprint (0.2.0) sha256=2bc9e15581a94742064a3cc8b0fb9d45aae3d03a1baa6ef80922627a0766f193
  prism (1.8.0) sha256=84453a16ef5530ea62c5f03ec16b52a459575ad4e7b9c2b360fd8ce2c39c1254
  pry (0.16.0) sha256=d76c69065698ed1f85e717bd33d7942c38a50868f6b0673c636192b3d1b6054e
  pry-rails (0.3.11) sha256=a69e28e24a34d75d1f60bcf241192a54253f8f7ef8a62cba1e75750a9653593d
  psych (5.3.1) sha256=eb7a57cef10c9d70173ff74e739d843ac3b2c019a003de48447b2963d81b1974
  public_suffix (7.0.2) sha256=9114090c8e4e7135c1fd0e7acfea33afaab38101884320c65aaa0ffb8e26a857
  puma (7.2.0) sha256=bf8ef4ab514a4e6d4554cb4326b2004eba5036ae05cf765cfe51aba9706a72a8
  pundit (2.5.2) sha256=e374152baa24f90b630428293faf4b4c5468fc3cc010165f7d8fcb44ce108bbd
  pwa (4.0.6) sha256=9c79d0c01182157b72b488d6a1baa43ec25702678e8f8a6b979bc88e16271b8f
  raabro (1.4.0) sha256=d4fa9ff5172391edb92b242eed8be802d1934b1464061ae5e70d80962c5da882
  racc (1.8.1) sha256=4a7f6929691dbec8b5209a0b373bc2614882b55fc5d2e447a21aaa691303d62f
  rack (3.2.4) sha256=5d74b6f75082a643f43c1e76b419c40f0e5527fcfee1e669ac1e6b73c0ccb6f6
  rack-protection (4.2.1) sha256=cf6e2842df8c55f5e4d1a4be015e603e19e9bc3a7178bae58949ccbb58558bac
  rack-session (2.1.1) sha256=0b6dc07dea7e4b583f58a48e8b806d4c9f1c6c9214ebc202ec94562cbea2e4e9
  rack-test (2.2.0) sha256=005a36692c306ac0b4a9350355ee080fd09ddef1148a5f8b2ac636c720f5c463
  rackup (2.3.1) sha256=6c79c26753778e90983761d677a48937ee3192b3ffef6bc963c0950f94688868
  rails (7.1.5.2) sha256=a292087202c5babf4f4c39a8c37afda732117c481c619986ae1559446e927546
  rails-dom-testing (2.3.0) sha256=8acc7953a7b911ca44588bf08737bc16719f431a1cc3091a292bca7317925c1d
  rails-erd (1.7.2) sha256=0b17d0fba25d319d8da8af7a3e5e2149d02d6187cc7351e8be43423f07c48bcd
  rails-html-sanitizer (1.6.2) sha256=35fce2ca8242da8775c83b6ba9c1bcaad6751d9eb73c1abaa8403475ab89a560
  rails_db (2.5.0) sha256=b9bc18f216cad57affbb3d3bfc88ca23bb589e402fad3883ecbe61478168b137
  railties (7.1.5.2) sha256=af0ac89f0bfbb957c9fd12cc5a5561248b95b8df938758bfb553d6e916a9d621
  rake (13.3.1) sha256=8c9e89d09f66a26a01264e7e3480ec0607f0c497a861ef16063604b1b08eb19c
  ransack (4.4.0) sha256=35aa797d5dd146cea55300d397966bd79fe2b1b0d1cbc25c97f88fdbe3ad0fe1
  rdoc (7.1.0) sha256=494899df0706c178596ca6e1d50f1b7eb285a9b2aae715be5abd742734f17363
  readline (0.0.4) sha256=6138eef17be2b98298b672c3ea63bf9cb5158d401324f26e1e84f235879c1d6a
  redis (4.8.1) sha256=387ee086694fffc9632aaeb1efe4a7b1627ca783bf373320346a8a20cd93333a
  regexp_parser (2.11.3) sha256=ca13f381a173b7a93450e53459075c9b76a10433caadcb2f1180f2c741fc55a4
  reline (0.6.3) sha256=1198b04973565b36ec0f11542ab3f5cfeeec34823f4e54cebde90968092b1835
  responders (3.2.0) sha256=89c2d6ac0ae16f6458a11524cae4a8efdceba1a3baea164d28ee9046bd3df55a
  rest-client (2.1.0) sha256=35a6400bdb14fae28596618e312776c158f7ebbb0ccad752ff4fa142bf2747e3
  rexml (3.4.4) sha256=19e0a2c3425dfbf2d4fc1189747bdb2f849b6c5e74180401b15734bc97b5d142
  rouge (4.7.0) sha256=dba5896715c0325c362e895460a6d350803dbf6427454f49a47500f3193ea739
  rspec (3.13.2) sha256=206284a08ad798e61f86d7ca3e376718d52c0bc944626b2349266f239f820587
  rspec-core (3.13.6) sha256=a8823c6411667b60a8bca135364351dda34cd55e44ff94c4be4633b37d828b2d
  rspec-expectations (3.13.5) sha256=33a4d3a1d95060aea4c94e9f237030a8f9eae5615e9bd85718fe3a09e4b58836
  rspec-html-matchers (0.10.0) sha256=d424bfeb0104884478be299b6695b56c2d0432bb77dc9cedecb5138e91c0e9ae
  rspec-mocks (3.13.7) sha256=0979034e64b1d7a838aaaddf12bf065ea4dc40ef3d4c39f01f93ae2c66c62b1c
  rspec-rails (6.0.4) sha256=60bbfd7ec06124d0cd3eedcdf1ce31b6faa58bfdd0413ccbadd9db84a168ae0d
  rspec-support (3.13.6) sha256=2e8de3702427eab064c9352fe74488cc12a1bfae887ad8b91cba480ec9f8afb2
  ruby-graphviz (1.2.5) sha256=1c2bb44e3f6da9e2b829f5e7fd8d75a521485fb6b4d1fc66ff0f93f906121504
  ruby-vips (2.3.0) sha256=e685ec02c13969912debbd98019e50492e12989282da5f37d05f5471442f5374
  rubyzip (3.2.2) sha256=c0ed99385f0625415c8f05bcae33fe649ed2952894a95ff8b08f26ca57ea5b3c
  rufo (0.18.2) sha256=f279bea838aae7cd51149413a2dfa3383044b1c93f1469ceaddd1ca3824fc46f
  securerandom (0.4.1) sha256=cc5193d414a4341b6e225f0cb4446aceca8e50d5e1888743fac16987638ea0b1
  selenium-webdriver (4.1.0) sha256=076f13aa6317fb77a27409754b58c26387d5160b9d713311c147324054a7119e
  shoulda-matchers (4.5.1) sha256=8d06e2bbb5b22aa170333905fcf23b7388d1baa9485895b0a2b80210e97f27e2
  simple_calendar (2.4.3) sha256=433d6ffa3b85a92a43ce62f6d57e2103da83b51a32cb5fccedca1be464797f9f
  simple_form (5.4.1) sha256=58c3d229034c7e5545035c3271b6f030ef730c340b9d7d8eb730e0a385b20808
  snaky_hash (2.0.3) sha256=25a3d299566e8153fb02fa23fd9a9358845950f7a523ddbbe1fa1e0d79a6d456
  specs_to_readme (0.1.0) sha256=ae53c5d53dc1768ef696db995b725d73ca1d449a18f6e71973df882d29f3afb2
  sprockets (4.2.2) sha256=761e5a49f1c288704763f73139763564c845a8f856d52fba013458f8af1b59b1
  sprockets-rails (3.5.2) sha256=a9e88e6ce9f8c912d349aa5401509165ec42326baf9e942a85de4b76dbc4119e
  sqlite3 (1.7.3) sha256=fa77f63c709548f46d4e9b6bb45cda52aa3881aa12cc85991132758e8968701c
  sqlite3 (1.7.3-x86_64-linux) sha256=522a3285660dec8253465880c97980e873db0d79060900be8d14194217a3ee73
  ssrf_filter (1.3.0) sha256=66882d7de7d09c019098d6d7372412950ae184ebbc7c51478002058307aba6f2
  stimulus-rails (1.3.4) sha256=765676ffa1f33af64ce026d26b48e8ffb2e0b94e0f50e9119e11d6107d67cb06
  stringio (3.2.0) sha256=c37cb2e58b4ffbd33fe5cd948c05934af997b36e0b6ca6fdf43afa234cf222e1
  sync (0.5.0) sha256=668356cc07c59ac7ed9ecf34fec3929831f179c07adb1f3e1c3b7a1609a638fd
  table_print (1.5.7) sha256=436664281f93387b882335795e16cfeeb839ad0c785ff7f9110fc0f17c68b5cb
  tabulo (3.0.2) sha256=248b45fa483de8819e76e2bff2d4b1b91209743cdc75fb0c1027612781ded22d
  term-ansicolor (1.11.3) sha256=8c01ec3abd095eb94dca8aed5a127d36e594239eb525eb306259c9e930534603
  terminal-table (3.0.2) sha256=f951b6af5f3e00203fb290a669e0a85c5dd5b051b3b023392ccfd67ba5abae91
  thor (1.5.0) sha256=e3a9e55fe857e44859ce104a84675ab6e8cd59c650a49106a05f55f136425e73
  timeout (0.6.0) sha256=6d722ad619f96ee383a0c557ec6eb8c4ecb08af3af62098a0be5057bf00de1af
  tins (1.51.1) sha256=cc17bc37e62bd2dd2e8bc2a706b9cf419dfd4766407b84b341a67db947f8e44a
  tsort (0.2.0) sha256=9650a793f6859a43b6641671278f79cfead60ac714148aabe4e3f0060480089f
  tty-screen (0.8.2) sha256=c090652115beae764336c28802d633f204fb84da93c6a968aa5d8e319e819b50
  turbo-rails (2.0.21) sha256=02070ea29fd11d8c1a07d9d7be980729a20e94e39b8c6c819f690f7959216bc7
  tzinfo (2.0.6) sha256=8daf828cc77bcf7d63b0e3bdb6caa47e2272dcfaf4fbfe46f8c3a9df087a829b
  tzinfo-data (1.2025.3) sha256=b546e2f1e5e5c40a0c619aafb24e30d3d6a128c2f689278f721b7286dd499562
  unicode-display_width (2.6.0) sha256=12279874bba6d5e4d2728cef814b19197dbb10d7a7837a869bab65da943b7f5a
  uri (1.1.1) sha256=379fa58d27ffb1387eaada68c749d1426738bd0f654d812fcc07e7568f5c57c6
  version_gem (1.1.9) sha256=0c1a0962ae543c84a00889bb018d9f14d8f8af6029d26b295d98774e3d2eb9a4
  warden (1.2.9) sha256=46684f885d35a69dbb883deabf85a222c8e427a957804719e143005df7a1efd0
  web-console (4.2.1) sha256=e7bcf37a10ea2b4ec4281649d1cee461b32232d0a447e82c786e6841fd22fe20
  webdrivers (5.3.1) sha256=d7d5531fbc3c44b6a2a7710e3e6c5edc54f35c68af20017309e3eccf15ec4aa5
  webmock (3.26.1) sha256=4f696fb57c90a827c20aadb2d4f9058bbff10f7f043bd0d4c3f58791143b1cd7
  websocket-driver (0.8.0) sha256=ed0dba4b943c22f17f9a734817e808bc84cdce6a7e22045f5315aa57676d4962
  websocket-extensions (0.1.5) sha256=1c6ba63092cda343eb53fc657110c71c754c56484aad42578495227d717a8241
  whenever (1.1.2) sha256=af139a25cf6b5c7d2122686724c0b9a4a7495135a1f79a404e29f4cce48abd83
  xpath (3.2.0) sha256=6dfda79d91bb3b949b947ecc5919f042ef2f399b904013eb3ef6d20dd3a4082e
  zeitwerk (2.7.4) sha256=2bef90f356bdafe9a6c2bd32bcd804f83a4f9b8bc27f3600fff051eb3edcec8b
  zlib (3.2.2) sha256=908e61263f99c1371b5422581e2d6663bd37c6b04ae13b5f8cb10b0d09379f40

RUBY VERSION
  ruby 3.3.6

BUNDLED WITH
  4.0.0
