{
  "name": "go-vend-event",
  "lockfileVersion": 3,
  "requires": true,
  "packages": {
    "": {
      "dependencies": {
        "@googlemaps/js-api-loader": "^1.16.8",
        "@hotwired/stimulus": "^3.2.2",
        "@hotwired/turbo-rails": "^8.0.12",
        "@rails/actiontext": "^8.0.100",
        "@rails/ujs": "^7.1.3-4",
        "jquery": "^3.7.1",
        "marked": "^17.0.1",
        "trix": "^2.1.12"
      }
    },
    "node_modules/@googlemaps/js-api-loader": {
      "version": "1.16.8",
      "resolved": "https://registry.npmjs.org/@googlemaps/js-api-loader/-/js-api-loader-1.16.8.tgz",
      "integrity": "sha512-CROqqwfKotdO6EBjZO/gQGVTbeDps5V7Mt9+8+5Q+jTg5CRMi3Ii/L9PmV3USROrt2uWxtGzJHORmByxyo9pSQ==",
      "license": "Apache-2.0"
    },
    "node_modules/@hotwired/stimulus": {
      "version": "3.2.2",
      "resolved": "https://registry.npmjs.org/@hotwired/stimulus/-/stimulus-3.2.2.tgz",
      "integrity": "sha512-eGeIqNOQpXoPAIP7tC1+1Yc1yl1xnwYqg+3mzqxyrbE5pg5YFBZcA6YoTiByJB6DKAEsiWtl6tjTJS4IYtbB7A==",
      "license": "MIT"
    },
    "node_modules/@hotwired/turbo": {
      "version": "8.0.12",
      "resolved": "https://registry.npmjs.org/@hotwired/turbo/-/turbo-8.0.12.tgz",
      "integrity": "sha512-l3BiQRkD7qrnQv6ms6sqPLczvwbQpXt5iAVwjDvX0iumrz6yEonQkNAzNjeDX25/OJMFDTxpHjkJZHGpM9ikWw==",
      "license": "MIT",
      "engines": {
        "node": ">= 14"
      }
    },
    "node_modules/@hotwired/turbo-rails": {
      "version": "8.0.12",
      "resolved": "https://registry.npmjs.org/@hotwired/turbo-rails/-/turbo-rails-8.0.12.tgz",
      "integrity": "sha512-ZXwu9ez+Gd4RQNeHIitqOQgi/LyqY8J4JqsUN0nnYiZDBRq7IreeFdMbz29VdJpIsmYqwooE4cFzPU7QvJkQkA==",
      "license": "MIT",
      "dependencies": {
        "@hotwired/turbo": "^8.0.12",
        "@rails/actioncable": "^7.0"
      }
    },
    "node_modules/@rails/actioncable": {
      "version": "7.2.200",
      "resolved": "https://registry.npmjs.org/@rails/actioncable/-/actioncable-7.2.200.tgz",
      "integrity": "sha512-gVmi3MabEa+Bkatvw0/k1Y3WTidcIf3qNbb9L8qc+AmT2UmkVqUZhJpSLvKmH10twCYIGzn7yySW/lOpg81Duw==",
      "license": "MIT"
    },
    "node_modules/@rails/actiontext": {
      "version": "8.1.200",
      "resolved": "https://registry.npmjs.org/@rails/actiontext/-/actiontext-8.1.200.tgz",
      "integrity": "sha512-l4OuFLZbQB+A3yCNOzX0Y4Tn7XSekfuYjy20TiBuf+4Q5JKTnfuybHrQ5cDk/9DbwWE9sdWcdbODFUIYd4tczg==",
      "license": "MIT",
      "dependencies": {
        "@rails/activestorage": ">= 8.1.0-alpha"
      },
      "peerDependencies": {
        "trix": "^2.0.0"
      }
    },
    "node_modules/@rails/activestorage": {
      "version": "8.1.200",
      "resolved": "https://registry.npmjs.org/@rails/activestorage/-/activestorage-8.1.200.tgz",
      "integrity": "sha512-bPZqv447REBd1NQfba//FjgUqbUd93zKh7+BWhh3vRZ7Nm+RUgm6c5GbWctmik/rMHjsruTHhusYGyoKyf60pg==",
      "license": "MIT",
      "dependencies": {
        "spark-md5": "^3.0.1"
      }
    },
    "node_modules/@rails/ujs": {
      "version": "7.1.3-4",
      "resolved": "https://registry.npmjs.org/@rails/ujs/-/ujs-7.1.3-4.tgz",
      "integrity": "sha512-z0ckI5jrAJfImcObjMT1RBz2IxH6I5q6ZTMFex6AfxSQKZuuL8JxAXvg2CvBuodGCxKvybFVolDyMHXlBLeYAA==",
      "license": "MIT"
    },
    "node_modules/@types/trusted-types": {
      "version": "2.0.7",
      "resolved": "https://registry.npmjs.org/@types/trusted-types/-/trusted-types-2.0.7.tgz",
      "integrity": "sha512-ScaPdn1dQczgbl0QFTeTOmVHFULt394XJgOQNoyVhZ6r2vLnMLJfBPd53SB52T/3G36VI1/g2MZaX0cwDuXsfw==",
      "license": "MIT",
      "optional": true
    },
    "node_modules/dompurify": {
      "version": "3.3.1",
      "resolved": "https://registry.npmjs.org/dompurify/-/dompurify-3.3.1.tgz",
      "integrity": "sha512-qkdCKzLNtrgPFP1Vo+98FRzJnBRGe4ffyCea9IwHB1fyxPOeNTHpLKYGd4Uk9xvNoH0ZoOjwZxNptyMwqrId1Q==",
      "license": "(MPL-2.0 OR Apache-2.0)",
      "optionalDependencies": {
        "@types/trusted-types": "^2.0.7"
      }
    },
    "node_modules/jquery": {
      "version": "3.7.1",
      "resolved": "https://registry.npmjs.org/jquery/-/jquery-3.7.1.tgz",
      "integrity": "sha512-m4avr8yL8kmFN8psrbFFFmB/If14iN5o9nw/NgnnM+kybDJpRsAynV2BsfpTYrTRysYUdADVD7CkUUizgkpLfg==",
      "license": "MIT"
    },
    "node_modules/marked": {
      "version": "17.0.1",
      "resolved": "https://registry.npmjs.org/marked/-/marked-17.0.1.tgz",
      "integrity": "sha512-boeBdiS0ghpWcSwoNm/jJBwdpFaMnZWRzjA6SkUMYb40SVaN1x7mmfGKp0jvexGcx+7y2La5zRZsYFZI6Qpypg==",
      "license": "MIT",
      "bin": {
        "marked": "bin/marked.js"
      },
      "engines": {
        "node": ">= 20"
      }
    },
    "node_modules/spark-md5": {
      "version": "3.0.2",
      "resolved": "https://registry.npmjs.org/spark-md5/-/spark-md5-3.0.2.tgz",
      "integrity": "sha512-wcFzz9cDfbuqe0FZzfi2or1sgyIrsDwmPwfZC4hiNidPdPINjeUwNfv5kldczoEAcjl9Y1L3SM7Uz2PUEQzxQw==",
      "license": "(WTFPL OR MIT)"
    },
    "node_modules/trix": {
      "version": "2.1.16",
      "resolved": "https://registry.npmjs.org/trix/-/trix-2.1.16.tgz",
      "integrity": "sha512-XtZgWI+oBvLzX7CWnkIf+ZWC+chL+YG/TkY43iMTV0Zl+CJjn18B1GJUCEWJ8qgfpcyMBuysnNAfPWiv2sV14A==",
      "license": "MIT",
      "peer": true,
      "dependencies": {
        "dompurify": "^3.2.5"
      },
      "engines": {
        "node": ">= 18"
      }
    }
  }
}
